// !$*UTF8*$!
{
	archiveVersion = 1;
	classes = {
	};
	objectVersion = 55;
	objects = {

/* Begin PBXBuildFile section */
		405D7A0D28F866CA00191CB6 /* SocketIO in Frameworks */ = {isa = PBXBuildFile; productRef = 405D7A0C28F866CA00191CB6 /* SocketIO */; };
		4063151628FABC9700221262 /* Port.swift in Sources */ = {isa = PBXBuildFile; fileRef = 4063151528FABC9700221262 /* Port.swift */; };
		4063151A28FAC6CD00221262 /* SocketService.swift in Sources */ = {isa = PBXBuildFile; fileRef = 4063151928FAC6CD00221262 /* SocketService.swift */; };
		4063151E28FACB6300221262 /* GameService.swift in Sources */ = {isa = PBXBuildFile; fileRef = 4063151D28FACB6300221262 /* GameService.swift */; };
		4083E2B828F8174F00CB99D7 /* SwiftUI_GameKitApp.swift in Sources */ = {isa = PBXBuildFile; fileRef = 4083E2B728F8174F00CB99D7 /* SwiftUI_GameKitApp.swift */; };
		4083E2BA28F8174F00CB99D7 /* ContentView.swift in Sources */ = {isa = PBXBuildFile; fileRef = 4083E2B928F8174F00CB99D7 /* ContentView.swift */; };
		4083E2BC28F8175000CB99D7 /* Assets.xcassets in Resources */ = {isa = PBXBuildFile; fileRef = 4083E2BB28F8175000CB99D7 /* Assets.xcassets */; };
		4083E2BF28F8175000CB99D7 /* Preview Assets.xcassets in Resources */ = {isa = PBXBuildFile; fileRef = 4083E2BE28F8175000CB99D7 /* Preview Assets.xcassets */; };
		4083E2C928F8175000CB99D7 /* SwiftUI_GameKitTests.swift in Sources */ = {isa = PBXBuildFile; fileRef = 4083E2C828F8175000CB99D7 /* SwiftUI_GameKitTests.swift */; };
		4083E2D328F8175000CB99D7 /* SwiftUI_GameKitUITests.swift in Sources */ = {isa = PBXBuildFile; fileRef = 4083E2D228F8175000CB99D7 /* SwiftUI_GameKitUITests.swift */; };
		4083E2D528F8175000CB99D7 /* SwiftUI_GameKitUITestsLaunchTests.swift in Sources */ = {isa = PBXBuildFile; fileRef = 4083E2D428F8175000CB99D7 /* SwiftUI_GameKitUITestsLaunchTests.swift */; };
/* End PBXBuildFile section */

/* Begin PBXContainerItemProxy section */
		4083E2C528F8175000CB99D7 /* PBXContainerItemProxy */ = {
			isa = PBXContainerItemProxy;
			containerPortal = 4083E2AC28F8174F00CB99D7 /* Project object */;
			proxyType = 1;
			remoteGlobalIDString = 4083E2B328F8174F00CB99D7;
			remoteInfo = "SwiftUI GameKit";
		};
		4083E2CF28F8175000CB99D7 /* PBXContainerItemProxy */ = {
			isa = PBXContainerItemProxy;
			containerPortal = 4083E2AC28F8174F00CB99D7 /* Project object */;
			proxyType = 1;
			remoteGlobalIDString = 4083E2B328F8174F00CB99D7;
			remoteInfo = "SwiftUI GameKit";
		};
/* End PBXContainerItemProxy section */

/* Begin PBXFileReference section */
		4063151528FABC9700221262 /* Port.swift */ = {isa = PBXFileReference; lastKnownFileType = sourcecode.swift; path = Port.swift; sourceTree = "<group>"; };
		4063151928FAC6CD00221262 /* SocketService.swift */ = {isa = PBXFileReference; lastKnownFileType = sourcecode.swift; path = SocketService.swift; sourceTree = "<group>"; };
		4063151D28FACB6300221262 /* GameService.swift */ = {isa = PBXFileReference; lastKnownFileType = sourcecode.swift; path = GameService.swift; sourceTree = "<group>"; };
		4083E2B428F8174F00CB99D7 /* SwiftUI GameKit.app */ = {isa = PBXFileReference; explicitFileType = wrapper.application; includeInIndex = 0; path = "SwiftUI GameKit.app"; sourceTree = BUILT_PRODUCTS_DIR; };
		4083E2B728F8174F00CB99D7 /* SwiftUI_GameKitApp.swift */ = {isa = PBXFileReference; lastKnownFileType = sourcecode.swift; path = SwiftUI_GameKitApp.swift; sourceTree = "<group>"; };
		4083E2B928F8174F00CB99D7 /* ContentView.swift */ = {isa = PBXFileReference; lastKnownFileType = sourcecode.swift; path = ContentView.swift; sourceTree = "<group>"; };
		4083E2BB28F8175000CB99D7 /* Assets.xcassets */ = {isa = PBXFileReference; lastKnownFileType = folder.assetcatalog; path = Assets.xcassets; sourceTree = "<group>"; };
		4083E2BE28F8175000CB99D7 /* Preview Assets.xcassets */ = {isa = PBXFileReference; lastKnownFileType = folder.assetcatalog; path = "Preview Assets.xcassets"; sourceTree = "<group>"; };
		4083E2C428F8175000CB99D7 /* SwiftUI GameKitTests.xctest */ = {isa = PBXFileReference; explicitFileType = wrapper.cfbundle; includeInIndex = 0; path = "SwiftUI GameKitTests.xctest"; sourceTree = BUILT_PRODUCTS_DIR; };
		4083E2C828F8175000CB99D7 /* SwiftUI_GameKitTests.swift */ = {isa = PBXFileReference; lastKnownFileType = sourcecode.swift; path = SwiftUI_GameKitTests.swift; sourceTree = "<group>"; };
		4083E2CE28F8175000CB99D7 /* SwiftUI GameKitUITests.xctest */ = {isa = PBXFileReference; explicitFileType = wrapper.cfbundle; includeInIndex = 0; path = "SwiftUI GameKitUITests.xctest"; sourceTree = BUILT_PRODUCTS_DIR; };
		4083E2D228F8175000CB99D7 /* SwiftUI_GameKitUITests.swift */ = {isa = PBXFileReference; lastKnownFileType = sourcecode.swift; path = SwiftUI_GameKitUITests.swift; sourceTree = "<group>"; };
		4083E2D428F8175000CB99D7 /* SwiftUI_GameKitUITestsLaunchTests.swift */ = {isa = PBXFileReference; lastKnownFileType = sourcecode.swift; path = SwiftUI_GameKitUITestsLaunchTests.swift; sourceTree = "<group>"; };
/* End PBXFileReference section */

/* Begin PBXFrameworksBuildPhase section */
		4083E2B128F8174F00CB99D7 /* Frameworks */ = {
			isa = PBXFrameworksBuildPhase;
			buildActionMask = 2147483647;
			files = (
				405D7A0D28F866CA00191CB6 /* SocketIO in Frameworks */,
			);
			runOnlyForDeploymentPostprocessing = 0;
		};
		4083E2C128F8175000CB99D7 /* Frameworks */ = {
			isa = PBXFrameworksBuildPhase;
			buildActionMask = 2147483647;
			files = (
			);
			runOnlyForDeploymentPostprocessing = 0;
		};
		4083E2CB28F8175000CB99D7 /* Frameworks */ = {
			isa = PBXFrameworksBuildPhase;
			buildActionMask = 2147483647;
			files = (
			);
			runOnlyForDeploymentPostprocessing = 0;
		};
/* End PBXFrameworksBuildPhase section */

/* Begin PBXGroup section */
		4063151728FAC6B000221262 /* Services */ = {
			isa = PBXGroup;
			children = (
				4063151828FAC6BD00221262 /* socketService */,
			);
			path = Services;
			sourceTree = "<group>";
		};
		4063151828FAC6BD00221262 /* socketService */ = {
			isa = PBXGroup;
			children = (
				4063151928FAC6CD00221262 /* SocketService.swift */,
				4063151D28FACB6300221262 /* GameService.swift */,
			);
			path = socketService;
			sourceTree = "<group>";
		};
		4083E2AB28F8174F00CB99D7 = {
			isa = PBXGroup;
			children = (
				4083E2B628F8174F00CB99D7 /* SwiftUI GameKit */,
				4083E2C728F8175000CB99D7 /* SwiftUI GameKitTests */,
				4083E2D128F8175000CB99D7 /* SwiftUI GameKitUITests */,
				4083E2B528F8174F00CB99D7 /* Products */,
			);
			sourceTree = "<group>";
		};
		4083E2B528F8174F00CB99D7 /* Products */ = {
			isa = PBXGroup;
			children = (
				4083E2B428F8174F00CB99D7 /* SwiftUI GameKit.app */,
				4083E2C428F8175000CB99D7 /* SwiftUI GameKitTests.xctest */,
				4083E2CE28F8175000CB99D7 /* SwiftUI GameKitUITests.xctest */,
			);
			name = Products;
			sourceTree = "<group>";
		};
		4083E2B628F8174F00CB99D7 /* SwiftUI GameKit */ = {
			isa = PBXGroup;
			children = (
				4063151728FAC6B000221262 /* Services */,
				4083E2B728F8174F00CB99D7 /* SwiftUI_GameKitApp.swift */,
				4083E2B928F8174F00CB99D7 /* ContentView.swift */,
				4083E2BB28F8175000CB99D7 /* Assets.xcassets */,
				4083E2BD28F8175000CB99D7 /* Preview Content */,
				4063151528FABC9700221262 /* Port.swift */,
			);
			path = "SwiftUI GameKit";
			sourceTree = "<group>";
		};
		4083E2BD28F8175000CB99D7 /* Preview Content */ = {
			isa = PBXGroup;
			children = (
				4083E2BE28F8175000CB99D7 /* Preview Assets.xcassets */,
			);
			path = "Preview Content";
			sourceTree = "<group>";
		};
		4083E2C728F8175000CB99D7 /* SwiftUI GameKitTests */ = {
			isa = PBXGroup;
			children = (
				4083E2C828F8175000CB99D7 /* SwiftUI_GameKitTests.swift */,
			);
			path = "SwiftUI GameKitTests";
			sourceTree = "<group>";
		};
		4083E2D128F8175000CB99D7 /* SwiftUI GameKitUITests */ = {
			isa = PBXGroup;
			children = (
				4083E2D228F8175000CB99D7 /* SwiftUI_GameKitUITests.swift */,
				4083E2D428F8175000CB99D7 /* SwiftUI_GameKitUITestsLaunchTests.swift */,
			);
			path = "SwiftUI GameKitUITests";
			sourceTree = "<group>";
		};
/* End PBXGroup section */

/* Begin PBXNativeTarget section */
		4083E2B328F8174F00CB99D7 /* SwiftUI GameKit */ = {
			isa = PBXNativeTarget;
			buildConfigurationList = 4083E2D828F8175000CB99D7 /* Build configuration list for PBXNativeTarget "SwiftUI GameKit" */;
			buildPhases = (
				4083E2B028F8174F00CB99D7 /* Sources */,
				4083E2B128F8174F00CB99D7 /* Frameworks */,
				4083E2B228F8174F00CB99D7 /* Resources */,
			);
			buildRules = (
			);
			dependencies = (
			);
			name = "SwiftUI GameKit";
			packageProductDependencies = (
				405D7A0C28F866CA00191CB6 /* SocketIO */,
			);
			productName = "SwiftUI GameKit";
			productReference = 4083E2B428F8174F00CB99D7 /* SwiftUI GameKit.app */;
			productType = "com.apple.product-type.application";
		};
		4083E2C328F8175000CB99D7 /* SwiftUI GameKitTests */ = {
			isa = PBXNativeTarget;
			buildConfigurationList = 4083E2DB28F8175000CB99D7 /* Build configuration list for PBXNativeTarget "SwiftUI GameKitTests" */;
			buildPhases = (
				4083E2C028F8175000CB99D7 /* Sources */,
				4083E2C128F8175000CB99D7 /* Frameworks */,
				4083E2C228F8175000CB99D7 /* Resources */,
			);
			buildRules = (
			);
			dependencies = (
				4083E2C628F8175000CB99D7 /* PBXTargetDependency */,
			);
			name = "SwiftUI GameKitTests";
			productName = "SwiftUI GameKitTests";
			productReference = 4083E2C428F8175000CB99D7 /* SwiftUI GameKitTests.xctest */;
			productType = "com.apple.product-type.bundle.unit-test";
		};
		4083E2CD28F8175000CB99D7 /* SwiftUI GameKitUITests */ = {
			isa = PBXNativeTarget;
			buildConfigurationList = 4083E2DE28F8175000CB99D7 /* Build configuration list for PBXNativeTarget "SwiftUI GameKitUITests" */;
			buildPhases = (
				4083E2CA28F8175000CB99D7 /* Sources */,
				4083E2CB28F8175000CB99D7 /* Frameworks */,
				4083E2CC28F8175000CB99D7 /* Resources */,
			);
			buildRules = (
			);
			dependencies = (
				4083E2D028F8175000CB99D7 /* PBXTargetDependency */,
			);
			name = "SwiftUI GameKitUITests";
			productName = "SwiftUI GameKitUITests";
			productReference = 4083E2CE28F8175000CB99D7 /* SwiftUI GameKitUITests.xctest */;
			productType = "com.apple.product-type.bundle.ui-testing";
		};
/* End PBXNativeTarget section */

/* Begin PBXProject section */
		4083E2AC28F8174F00CB99D7 /* Project object */ = {
			isa = PBXProject;
			attributes = {
				BuildIndependentTargetsInParallel = 1;
				LastSwiftUpdateCheck = 1340;
				LastUpgradeCheck = 1340;
				TargetAttributes = {
					4083E2B328F8174F00CB99D7 = {
						CreatedOnToolsVersion = 13.4.1;
					};
					4083E2C328F8175000CB99D7 = {
						CreatedOnToolsVersion = 13.4.1;
						TestTargetID = 4083E2B328F8174F00CB99D7;
					};
					4083E2CD28F8175000CB99D7 = {
						CreatedOnToolsVersion = 13.4.1;
						TestTargetID = 4083E2B328F8174F00CB99D7;
					};
				};
			};
			buildConfigurationList = 4083E2AF28F8174F00CB99D7 /* Build configuration list for PBXProject "SwiftUI GameKit" */;
			compatibilityVersion = "Xcode 13.0";
			developmentRegion = en;
			hasScannedForEncodings = 0;
			knownRegions = (
				en,
				Base,
			);
			mainGroup = 4083E2AB28F8174F00CB99D7;
			packageReferences = (
				405D7A0B28F866CA00191CB6 /* XCRemoteSwiftPackageReference "socket" */,
			);
			productRefGroup = 4083E2B528F8174F00CB99D7 /* Products */;
			projectDirPath = "";
			projectRoot = "";
			targets = (
				4083E2B328F8174F00CB99D7 /* SwiftUI GameKit */,
				4083E2C328F8175000CB99D7 /* SwiftUI GameKitTests */,
				4083E2CD28F8175000CB99D7 /* SwiftUI GameKitUITests */,
			);
		};
/* End PBXProject section */

/* Begin PBXResourcesBuildPhase section */
		4083E2B228F8174F00CB99D7 /* Resources */ = {
			isa = PBXResourcesBuildPhase;
			buildActionMask = 2147483647;
			files = (
				4083E2BF28F8175000CB99D7 /* Preview Assets.xcassets in Resources */,
				4083E2BC28F8175000CB99D7 /* Assets.xcassets in Resources */,
			);
			runOnlyForDeploymentPostprocessing = 0;
		};
		4083E2C228F8175000CB99D7 /* Resources */ = {
			isa = PBXResourcesBuildPhase;
			buildActionMask = 2147483647;
			files = (
			);
			runOnlyForDeploymentPostprocessing = 0;
		};
		4083E2CC28F8175000CB99D7 /* Resources */ = {
			isa = PBXResourcesBuildPhase;
			buildActionMask = 2147483647;
			files = (
			);
			runOnlyForDeploymentPostprocessing = 0;
		};
/* End PBXResourcesBuildPhase section */

/* Begin PBXSourcesBuildPhase section */
		4083E2B028F8174F00CB99D7 /* Sources */ = {
			isa = PBXSourcesBuildPhase;
			buildActionMask = 2147483647;
			files = (
				4063151A28FAC6CD00221262 /* SocketService.swift in Sources */,
				4063151628FABC9700221262 /* Port.swift in Sources */,
				4063151E28FACB6300221262 /* GameService.swift in Sources */,
				4083E2BA28F8174F00CB99D7 /* ContentView.swift in Sources */,
				4083E2B828F8174F00CB99D7 /* SwiftUI_GameKitApp.swift in Sources */,
			);
			runOnlyForDeploymentPostprocessing = 0;
		};
		4083E2C028F8175000CB99D7 /* Sources */ = {
			isa = PBXSourcesBuildPhase;
			buildActionMask = 2147483647;
			files = (
				4083E2C928F8175000CB99D7 /* SwiftUI_GameKitTests.swift in Sources */,
			);
			runOnlyForDeploymentPostprocessing = 0;
		};
		4083E2CA28F8175000CB99D7 /* Sources */ = {
			isa = PBXSourcesBuildPhase;
			buildActionMask = 2147483647;
			files = (
				4083E2D328F8175000CB99D7 /* SwiftUI_GameKitUITests.swift in Sources */,
				4083E2D528F8175000CB99D7 /* SwiftUI_GameKitUITestsLaunchTests.swift in Sources */,
			);
			runOnlyForDeploymentPostprocessing = 0;
		};
/* End PBXSourcesBuildPhase section */

/* Begin PBXTargetDependency section */
		4083E2C628F8175000CB99D7 /* PBXTargetDependency */ = {
			isa = PBXTargetDependency;
			target = 4083E2B328F8174F00CB99D7 /* SwiftUI GameKit */;
			targetProxy = 4083E2C528F8175000CB99D7 /* PBXContainerItemProxy */;
		};
		4083E2D028F8175000CB99D7 /* PBXTargetDependency */ = {
			isa = PBXTargetDependency;
			target = 4083E2B328F8174F00CB99D7 /* SwiftUI GameKit */;
			targetProxy = 4083E2CF28F8175000CB99D7 /* PBXContainerItemProxy */;
		};
/* End PBXTargetDependency section */

/* Begin XCBuildConfiguration section */
		4083E2D628F8175000CB99D7 /* Debug */ = {
			isa = XCBuildConfiguration;
			buildSettings = {
				ALWAYS_SEARCH_USER_PATHS = NO;
				CLANG_ANALYZER_NONNULL = YES;
				CLANG_ANALYZER_NUMBER_OBJECT_CONVERSION = YES_AGGRESSIVE;
				CLANG_CXX_LANGUAGE_STANDARD = "gnu++17";
				CLANG_ENABLE_MODULES = YES;
				CLANG_ENABLE_OBJC_ARC = YES;
				CLANG_ENABLE_OBJC_WEAK = YES;
				CLANG_WARN_BLOCK_CAPTURE_AUTORELEASING = YES;
				CLANG_WARN_BOOL_CONVERSION = YES;
				CLANG_WARN_COMMA = YES;
				CLANG_WARN_CONSTANT_CONVERSION = YES;
				CLANG_WARN_DEPRECATED_OBJC_IMPLEMENTATIONS = YES;
				CLANG_WARN_DIRECT_OBJC_ISA_USAGE = YES_ERROR;
				CLANG_WARN_DOCUMENTATION_COMMENTS = YES;
				CLANG_WARN_EMPTY_BODY = YES;
				CLANG_WARN_ENUM_CONVERSION = YES;
				CLANG_WARN_INFINITE_RECURSION = YES;
				CLANG_WARN_INT_CONVERSION = YES;
				CLANG_WARN_NON_LITERAL_NULL_CONVERSION = YES;
				CLANG_WARN_OBJC_IMPLICIT_RETAIN_SELF = YES;
				CLANG_WARN_OBJC_LITERAL_CONVERSION = YES;
				CLANG_WARN_OBJC_ROOT_CLASS = YES_ERROR;
				CLANG_WARN_QUOTED_INCLUDE_IN_FRAMEWORK_HEADER = YES;
				CLANG_WARN_RANGE_LOOP_ANALYSIS = YES;
				CLANG_WARN_STRICT_PROTOTYPES = YES;
				CLANG_WARN_SUSPICIOUS_MOVE = YES;
				CLANG_WARN_UNGUARDED_AVAILABILITY = YES_AGGRESSIVE;
				CLANG_WARN_UNREACHABLE_CODE = YES;
				CLANG_WARN__DUPLICATE_METHOD_MATCH = YES;
				COPY_PHASE_STRIP = NO;
				DEBUG_INFORMATION_FORMAT = dwarf;
				ENABLE_STRICT_OBJC_MSGSEND = YES;
				ENABLE_TESTABILITY = YES;
				GCC_C_LANGUAGE_STANDARD = gnu11;
				GCC_DYNAMIC_NO_PIC = NO;
				GCC_NO_COMMON_BLOCKS = YES;
				GCC_OPTIMIZATION_LEVEL = 0;
				GCC_PREPROCESSOR_DEFINITIONS = (
					"DEBUG=1",
					"$(inherited)",
				);
				GCC_WARN_64_TO_32_BIT_CONVERSION = YES;
				GCC_WARN_ABOUT_RETURN_TYPE = YES_ERROR;
				GCC_WARN_UNDECLARED_SELECTOR = YES;
				GCC_WARN_UNINITIALIZED_AUTOS = YES_AGGRESSIVE;
				GCC_WARN_UNUSED_FUNCTION = YES;
				GCC_WARN_UNUSED_VARIABLE = YES;
				IPHONEOS_DEPLOYMENT_TARGET = 15.0;
				MTL_ENABLE_DEBUG_INFO = INCLUDE_SOURCE;
				MTL_FAST_MATH = YES;
				ONLY_ACTIVE_ARCH = YES;
				SDKROOT = iphoneos;
				SWIFT_ACTIVE_COMPILATION_CONDITIONS = DEBUG;
				SWIFT_OPTIMIZATION_LEVEL = "-Onone";
			};
			name = Debug;
		};
		4083E2D728F8175000CB99D7 /* Release */ = {
			isa = XCBuildConfiguration;
			buildSettings = {
				ALWAYS_SEARCH_USER_PATHS = NO;
				CLANG_ANALYZER_NONNULL = YES;
				CLANG_ANALYZER_NUMBER_OBJECT_CONVERSION = YES_AGGRESSIVE;
				CLANG_CXX_LANGUAGE_STANDARD = "gnu++17";
				CLANG_ENABLE_MODULES = YES;
				CLANG_ENABLE_OBJC_ARC = YES;
				CLANG_ENABLE_OBJC_WEAK = YES;
				CLANG_WARN_BLOCK_CAPTURE_AUTORELEASING = YES;
				CLANG_WARN_BOOL_CONVERSION = YES;
				CLANG_WARN_COMMA = YES;
				CLANG_WARN_CONSTANT_CONVERSION = YES;
				CLANG_WARN_DEPRECATED_OBJC_IMPLEMENTATIONS = YES;
				CLANG_WARN_DIRECT_OBJC_ISA_USAGE = YES_ERROR;
				CLANG_WARN_DOCUMENTATION_COMMENTS = YES;
				CLANG_WARN_EMPTY_BODY = YES;
				CLANG_WARN_ENUM_CONVERSION = YES;
				CLANG_WARN_INFINITE_RECURSION = YES;
				CLANG_WARN_INT_CONVERSION = YES;
				CLANG_WARN_NON_LITERAL_NULL_CONVERSION = YES;
				CLANG_WARN_OBJC_IMPLICIT_RETAIN_SELF = YES;
				CLANG_WARN_OBJC_LITERAL_CONVERSION = YES;
				CLANG_WARN_OBJC_ROOT_CLASS = YES_ERROR;
				CLANG_WARN_QUOTED_INCLUDE_IN_FRAMEWORK_HEADER = YES;
				CLANG_WARN_RANGE_LOOP_ANALYSIS = YES;
				CLANG_WARN_STRICT_PROTOTYPES = YES;
				CLANG_WARN_SUSPICIOUS_MOVE = YES;
				CLANG_WARN_UNGUARDED_AVAILABILITY = YES_AGGRESSIVE;
				CLANG_WARN_UNREACHABLE_CODE = YES;
				CLANG_WARN__DUPLICATE_METHOD_MATCH = YES;
				COPY_PHASE_STRIP = NO;
				DEBUG_INFORMATION_FORMAT = "dwarf-with-dsym";
				ENABLE_NS_ASSERTIONS = NO;
				ENABLE_STRICT_OBJC_MSGSEND = YES;
				GCC_C_LANGUAGE_STANDARD = gnu11;
				GCC_NO_COMMON_BLOCKS = YES;
				GCC_WARN_64_TO_32_BIT_CONVERSION = YES;
				GCC_WARN_ABOUT_RETURN_TYPE = YES_ERROR;
				GCC_WARN_UNDECLARED_SELECTOR = YES;
				GCC_WARN_UNINITIALIZED_AUTOS = YES_AGGRESSIVE;
				GCC_WARN_UNUSED_FUNCTION = YES;
				GCC_WARN_UNUSED_VARIABLE = YES;
				IPHONEOS_DEPLOYMENT_TARGET = 15.0;
				MTL_ENABLE_DEBUG_INFO = NO;
				MTL_FAST_MATH = YES;
				SDKROOT = iphoneos;
				SWIFT_COMPILATION_MODE = wholemodule;
				SWIFT_OPTIMIZATION_LEVEL = "-O";
				VALIDATE_PRODUCT = YES;
			};
			name = Release;
		};
		4083E2D928F8175000CB99D7 /* Debug */ = {
			isa = XCBuildConfiguration;
			buildSettings = {
				ASSETCATALOG_COMPILER_APPICON_NAME = AppIcon;
				ASSETCATALOG_COMPILER_GLOBAL_ACCENT_COLOR_NAME = AccentColor;
				CODE_SIGN_STYLE = Automatic;
				CURRENT_PROJECT_VERSION = 1;
				DEVELOPMENT_ASSET_PATHS = "\"SwiftUI GameKit/Preview Content\"";
				DEVELOPMENT_TEAM = AR84MSRR4K;
				ENABLE_PREVIEWS = YES;
				GENERATE_INFOPLIST_FILE = YES;
				INFOPLIST_KEY_UIApplicationSceneManifest_Generation = YES;
				INFOPLIST_KEY_UIApplicationSupportsIndirectInputEvents = YES;
				INFOPLIST_KEY_UILaunchScreen_Generation = YES;
				INFOPLIST_KEY_UISupportedInterfaceOrientations_iPad = "UIInterfaceOrientationPortrait UIInterfaceOrientationPortraitUpsideDown UIInterfaceOrientationLandscapeLeft UIInterfaceOrientationLandscapeRight";
				INFOPLIST_KEY_UISupportedInterfaceOrientations_iPhone = "UIInterfaceOrientationPortrait UIInterfaceOrientationLandscapeLeft UIInterfaceOrientationLandscapeRight";
				LD_RUNPATH_SEARCH_PATHS = (
					"$(inherited)",
					"@executable_path/Frameworks",
				);
				MARKETING_VERSION = 1.0;
				PRODUCT_BUNDLE_IDENTIFIER = "developeracademy.SwiftUI-GameKit";
				PRODUCT_NAME = "$(TARGET_NAME)";
				SWIFT_EMIT_LOC_STRINGS = YES;
				SWIFT_VERSION = 5.0;
				TARGETED_DEVICE_FAMILY = "1,2";
			};
			name = Debug;
		};
		4083E2DA28F8175000CB99D7 /* Release */ = {
			isa = XCBuildConfiguration;
			buildSettings = {
				ASSETCATALOG_COMPILER_APPICON_NAME = AppIcon;
				ASSETCATALOG_COMPILER_GLOBAL_ACCENT_COLOR_NAME = AccentColor;
				CODE_SIGN_STYLE = Automatic;
				CURRENT_PROJECT_VERSION = 1;
				DEVELOPMENT_ASSET_PATHS = "\"SwiftUI GameKit/Preview Content\"";
				DEVELOPMENT_TEAM = AR84MSRR4K;
				ENABLE_PREVIEWS = YES;
				GENERATE_INFOPLIST_FILE = YES;
				INFOPLIST_KEY_UIApplicationSceneManifest_Generation = YES;
				INFOPLIST_KEY_UIApplicationSupportsIndirectInputEvents = YES;
				INFOPLIST_KEY_UILaunchScreen_Generation = YES;
				INFOPLIST_KEY_UISupportedInterfaceOrientations_iPad = "UIInterfaceOrientationPortrait UIInterfaceOrientationPortraitUpsideDown UIInterfaceOrientationLandscapeLeft UIInterfaceOrientationLandscapeRight";
				INFOPLIST_KEY_UISupportedInterfaceOrientations_iPhone = "UIInterfaceOrientationPortrait UIInterfaceOrientationLandscapeLeft UIInterfaceOrientationLandscapeRight";
				LD_RUNPATH_SEARCH_PATHS = (
					"$(inherited)",
					"@executable_path/Frameworks",
				);
				MARKETING_VERSION = 1.0;
				PRODUCT_BUNDLE_IDENTIFIER = "developeracademy.SwiftUI-GameKit";
				PRODUCT_NAME = "$(TARGET_NAME)";
				SWIFT_EMIT_LOC_STRINGS = YES;
				SWIFT_VERSION = 5.0;
				TARGETED_DEVICE_FAMILY = "1,2";
			};
			name = Release;
		};
		4083E2DC28F8175000CB99D7 /* Debug */ = {
			isa = XCBuildConfiguration;
			buildSettings = {
				ALWAYS_EMBED_SWIFT_STANDARD_LIBRARIES = YES;
				BUNDLE_LOADER = "$(TEST_HOST)";
				CODE_SIGN_STYLE = Automatic;
				CURRENT_PROJECT_VERSION = 1;
				DEVELOPMENT_TEAM = AR84MSRR4K;
				GENERATE_INFOPLIST_FILE = YES;
				IPHONEOS_DEPLOYMENT_TARGET = 15.5;
				MARKETING_VERSION = 1.0;
				PRODUCT_BUNDLE_IDENTIFIER = "developeracademy.SwiftUI-GameKitTests";
				PRODUCT_NAME = "$(TARGET_NAME)";
				SWIFT_EMIT_LOC_STRINGS = NO;
				SWIFT_VERSION = 5.0;
				TARGETED_DEVICE_FAMILY = "1,2";
				TEST_HOST = "$(BUILT_PRODUCTS_DIR)/SwiftUI GameKit.app/SwiftUI GameKit";
			};
			name = Debug;
		};
		4083E2DD28F8175000CB99D7 /* Release */ = {
			isa = XCBuildConfiguration;
			buildSettings = {
				ALWAYS_EMBED_SWIFT_STANDARD_LIBRARIES = YES;
				BUNDLE_LOADER = "$(TEST_HOST)";
				CODE_SIGN_STYLE = Automatic;
				CURRENT_PROJECT_VERSION = 1;
				DEVELOPMENT_TEAM = AR84MSRR4K;
				GENERATE_INFOPLIST_FILE = YES;
				IPHONEOS_DEPLOYMENT_TARGET = 15.5;
				MARKETING_VERSION = 1.0;
				PRODUCT_BUNDLE_IDENTIFIER = "developeracademy.SwiftUI-GameKitTests";
				PRODUCT_NAME = "$(TARGET_NAME)";
				SWIFT_EMIT_LOC_STRINGS = NO;
				SWIFT_VERSION = 5.0;
				TARGETED_DEVICE_FAMILY = "1,2";
				TEST_HOST = "$(BUILT_PRODUCTS_DIR)/SwiftUI GameKit.app/SwiftUI GameKit";
			};
			name = Release;
		};
		4083E2DF28F8175000CB99D7 /* Debug */ = {
			isa = XCBuildConfiguration;
			buildSettings = {
				ALWAYS_EMBED_SWIFT_STANDARD_LIBRARIES = YES;
				CODE_SIGN_STYLE = Automatic;
				CURRENT_PROJECT_VERSION = 1;
				DEVELOPMENT_TEAM = AR84MSRR4K;
				GENERATE_INFOPLIST_FILE = YES;
				MARKETING_VERSION = 1.0;
				PRODUCT_BUNDLE_IDENTIFIER = "developeracademy.SwiftUI-GameKitUITests";
				PRODUCT_NAME = "$(TARGET_NAME)";
				SWIFT_EMIT_LOC_STRINGS = NO;
				SWIFT_VERSION = 5.0;
				TARGETED_DEVICE_FAMILY = "1,2";
				TEST_TARGET_NAME = "SwiftUI GameKit";
			};
			name = Debug;
		};
		4083E2E028F8175000CB99D7 /* Release */ = {
			isa = XCBuildConfiguration;
			buildSettings = {
				ALWAYS_EMBED_SWIFT_STANDARD_LIBRARIES = YES;
				CODE_SIGN_STYLE = Automatic;
				CURRENT_PROJECT_VERSION = 1;
				DEVELOPMENT_TEAM = AR84MSRR4K;
				GENERATE_INFOPLIST_FILE = YES;
				MARKETING_VERSION = 1.0;
				PRODUCT_BUNDLE_IDENTIFIER = "developeracademy.SwiftUI-GameKitUITests";
				PRODUCT_NAME = "$(TARGET_NAME)";
				SWIFT_EMIT_LOC_STRINGS = NO;
				SWIFT_VERSION = 5.0;
				TARGETED_DEVICE_FAMILY = "1,2";
				TEST_TARGET_NAME = "SwiftUI GameKit";
			};
			name = Release;
		};
/* End XCBuildConfiguration section */

/* Begin XCConfigurationList section */
		4083E2AF28F8174F00CB99D7 /* Build configuration list for PBXProject "SwiftUI GameKit" */ = {
			isa = XCConfigurationList;
			buildConfigurations = (
				4083E2D628F8175000CB99D7 /* Debug */,
				4083E2D728F8175000CB99D7 /* Release */,
			);
			defaultConfigurationIsVisible = 0;
			defaultConfigurationName = Release;
		};
		4083E2D828F8175000CB99D7 /* Build configuration list for PBXNativeTarget "SwiftUI GameKit" */ = {
			isa = XCConfigurationList;
			buildConfigurations = (
				4083E2D928F8175000CB99D7 /* Debug */,
				4083E2DA28F8175000CB99D7 /* Release */,
			);
			defaultConfigurationIsVisible = 0;
			defaultConfigurationName = Release;
		};
		4083E2DB28F8175000CB99D7 /* Build configuration list for PBXNativeTarget "SwiftUI GameKitTests" */ = {
			isa = XCConfigurationList;
			buildConfigurations = (
				4083E2DC28F8175000CB99D7 /* Debug */,
				4083E2DD28F8175000CB99D7 /* Release */,
			);
			defaultConfigurationIsVisible = 0;
			defaultConfigurationName = Release;
		};
		4083E2DE28F8175000CB99D7 /* Build configuration list for PBXNativeTarget "SwiftUI GameKitUITests" */ = {
			isa = XCConfigurationList;
			buildConfigurations = (
				4083E2DF28F8175000CB99D7 /* Debug */,
				4083E2E028F8175000CB99D7 /* Release */,
			);
			defaultConfigurationIsVisible = 0;
			defaultConfigurationName = Release;
		};
/* End XCConfigurationList section */

/* Begin XCRemoteSwiftPackageReference section */
		405D7A0B28F866CA00191CB6 /* XCRemoteSwiftPackageReference "socket" */ = {
			isa = XCRemoteSwiftPackageReference;
			repositoryURL = "https://github.com/socketio/socket.io-client-swift";
			requirement = {
				branch = master;
				kind = branch;
			};
		};
/* End XCRemoteSwiftPackageReference section */

/* Begin XCSwiftPackageProductDependency section */
		405D7A0C28F866CA00191CB6 /* SocketIO */ = {
			isa = XCSwiftPackageProductDependency;
			package = 405D7A0B28F866CA00191CB6 /* XCRemoteSwiftPackageReference "socket" */;
			productName = SocketIO;
		};
/* End XCSwiftPackageProductDependency section */
	};
	rootObject = 4083E2AC28F8174F00CB99D7 /* Project object */;
}
